
Microsoft Visual Studio Solution File, Format Version 12.00
# Visual Studio 15
VisualStudioVersion = 15.0.28307.572
MinimumVisualStudioVersion = 10.0.40219.1
Project("{FAE04EC0-301F-11D3-BF4B-00C04F79EFBC}") = "Parcial2FabioMurguia.Android", "Parcial2FabioMurguia\Parcial2FabioMurguia.Android\Parcial2FabioMurguia.Android.csproj", "{83CBF2CA-FF89-4904-99CE-E569B84DA028}"
EndProject
Project("{FAE04EC0-301F-11D3-BF4B-00C04F79EFBC}") = "Parcial2FabioMurguia.iOS", "Parcial2FabioMurguia\Parcial2FabioMurguia.iOS\Parcial2FabioMurguia.iOS.csproj", "{6581D512-9658-43DB-A4C6-1FDC7B188E24}"
EndProject
Project("{FAE04EC0-301F-11D3-BF4B-00C04F79EFBC}") = "Parcial2FabioMurguia.UWP", "Parcial2FabioMurguia\Parcial2FabioMurguia.UWP\Parcial2FabioMurguia.UWP.csproj", "{93BD6D0E-8632-44B1-91A7-29EC367C1BF3}"
EndProject
Project("{FAE04EC0-301F-11D3-BF4B-00C04F79EFBC}") = "Parcial2FabioMurguia", "Parcial2FabioMurguia\Parcial2FabioMurguia\Parcial2FabioMurguia.csproj", "{3033393F-4A54-4C9D-A9D3-0F0D4A6B55DD}"
EndProject
Global
	GlobalSection(SolutionConfigurationPlatforms) = preSolution
		Ad-Hoc|Any CPU = Ad-Hoc|Any CPU
		Ad-Hoc|ARM = Ad-Hoc|ARM
		Ad-Hoc|iPhone = Ad-Hoc|iPhone
		Ad-Hoc|iPhoneSimulator = Ad-Hoc|iPhoneSimulator
		Ad-Hoc|x64 = Ad-Hoc|x64
		Ad-Hoc|x86 = Ad-Hoc|x86
		AppStore|Any CPU = AppStore|Any CPU
		AppStore|ARM = AppStore|ARM
		AppStore|iPhone = AppStore|iPhone
		AppStore|iPhoneSimulator = AppStore|iPhoneSimulator
		AppStore|x64 = AppStore|x64
		AppStore|x86 = AppStore|x86
		Debug|Any CPU = Debug|Any CPU
		Debug|ARM = Debug|ARM
		Debug|iPhone = Debug|iPhone
		Debug|iPhoneSimulator = Debug|iPhoneSimulator
		Debug|x64 = Debug|x64
		Debug|x86 = Debug|x86
		Release|Any CPU = Release|Any CPU
		Release|ARM = Release|ARM
		Release|iPhone = Release|iPhone
		Release|iPhoneSimulator = Release|iPhoneSimulator
		Release|x64 = Release|x64
		Release|x86 = Release|x86
	EndGlobalSection
	GlobalSection(ProjectConfigurationPlatforms) = postSolution
		{83CBF2CA-FF89-4904-99CE-E569B84DA028}.Ad-Hoc|Any CPU.ActiveCfg = Release|Any CPU
		{83CBF2CA-FF89-4904-99CE-E569B84DA028}.Ad-Hoc|Any CPU.Build.0 = Release|Any CPU
		{83CBF2CA-FF89-4904-99CE-E569B84DA028}.Ad-Hoc|Any CPU.Deploy.0 = Release|Any CPU
		{83CBF2CA-FF89-4904-99CE-E569B84DA028}.Ad-Hoc|ARM.ActiveCfg = Release|Any CPU
		{83CBF2CA-FF89-4904-99CE-E569B84DA028}.Ad-Hoc|ARM.Build.0 = Release|Any CPU
		{83CBF2CA-FF89-4904-99CE-E569B84DA028}.Ad-Hoc|ARM.Deploy.0 = Release|Any CPU
		{83CBF2CA-FF89-4904-99CE-E569B84DA028}.Ad-Hoc|iPhone.ActiveCfg = Release|Any CPU
		{83CBF2CA-FF89-4904-99CE-E569B84DA028}.Ad-Hoc|iPhone.Build.0 = Release|Any CPU
		{83CBF2CA-FF89-4904-99CE-E569B84DA028}.Ad-Hoc|iPhone.Deploy.0 = Release|Any CPU
		{83CBF2CA-FF89-4904-99CE-E569B84DA028}.Ad-Hoc|iPhoneSimulator.ActiveCfg = Release|Any CPU
		{83CBF2CA-FF89-4904-99CE-E569B84DA028}.Ad-Hoc|iPhoneSimulator.Build.0 = Release|Any CPU
		{83CBF2CA-FF89-4904-99CE-E569B84DA028}.Ad-Hoc|iPhoneSimulator.Deploy.0 = Release|Any CPU
		{83CBF2CA-FF89-4904-99CE-E569B84DA028}.Ad-Hoc|x64.ActiveCfg = Release|Any CPU
		{83CBF2CA-FF89-4904-99CE-E569B84DA028}.Ad-Hoc|x64.Build.0 = Release|Any CPU
		{83CBF2CA-FF89-4904-99CE-E569B84DA028}.Ad-Hoc|x64.Deploy.0 = Release|Any CPU
		{83CBF2CA-FF89-4904-99CE-E569B84DA028}.Ad-Hoc|x86.ActiveCfg = Release|Any CPU
		{83CBF2CA-FF89-4904-99CE-E569B84DA028}.Ad-Hoc|x86.Build.0 = Release|Any CPU
		{83CBF2CA-FF89-4904-99CE-E569B84DA028}.Ad-Hoc|x86.Deploy.0 = Release|Any CPU
		{83CBF2CA-FF89-4904-99CE-E569B84DA028}.AppStore|Any CPU.ActiveCfg = Release|Any CPU
		{83CBF2CA-FF89-4904-99CE-E569B84DA028}.AppStore|Any CPU.Build.0 = Release|Any CPU
		{83CBF2CA-FF89-4904-99CE-E569B84DA028}.AppStore|Any CPU.Deploy.0 = Release|Any CPU
		{83CBF2CA-FF89-4904-99CE-E569B84DA028}.AppStore|ARM.ActiveCfg = Release|Any CPU
		{83CBF2CA-FF89-4904-99CE-E569B84DA028}.AppStore|ARM.Build.0 = Release|Any CPU
		{83CBF2CA-FF89-4904-99CE-E569B84DA028}.AppStore|ARM.Deploy.0 = Release|Any CPU
		{83CBF2CA-FF89-4904-99CE-E569B84DA028}.AppStore|iPhone.ActiveCfg = Release|Any CPU
		{83CBF2CA-FF89-4904-99CE-E569B84DA028}.AppStore|iPhone.Build.0 = Release|Any CPU
		{83CBF2CA-FF89-4904-99CE-E569B84DA028}.AppStore|iPhone.Deploy.0 = Release|Any CPU
		{83CBF2CA-FF89-4904-99CE-E569B84DA028}.AppStore|iPhoneSimulator.ActiveCfg = Release|Any CPU
		{83CBF2CA-FF89-4904-99CE-E569B84DA028}.AppStore|iPhoneSimulator.Build.0 = Release|Any CPU
		{83CBF2CA-FF89-4904-99CE-E569B84DA028}.AppStore|iPhoneSimulator.Deploy.0 = Release|Any CPU
		{83CBF2CA-FF89-4904-99CE-E569B84DA028}.AppStore|x64.ActiveCfg = Release|Any CPU
		{83CBF2CA-FF89-4904-99CE-E569B84DA028}.AppStore|x64.Build.0 = Release|Any CPU
		{83CBF2CA-FF89-4904-99CE-E569B84DA028}.AppStore|x64.Deploy.0 = Release|Any CPU
		{83CBF2CA-FF89-4904-99CE-E569B84DA028}.AppStore|x86.ActiveCfg = Release|Any CPU
		{83CBF2CA-FF89-4904-99CE-E569B84DA028}.AppStore|x86.Build.0 = Release|Any CPU
		{83CBF2CA-FF89-4904-99CE-E569B84DA028}.AppStore|x86.Deploy.0 = Release|Any CPU
		{83CBF2CA-FF89-4904-99CE-E569B84DA028}.Debug|Any CPU.ActiveCfg = Debug|Any CPU
		{83CBF2CA-FF89-4904-99CE-E569B84DA028}.Debug|Any CPU.Build.0 = Debug|Any CPU
		{83CBF2CA-FF89-4904-99CE-E569B84DA028}.Debug|Any CPU.Deploy.0 = Debug|Any CPU
		{83CBF2CA-FF89-4904-99CE-E569B84DA028}.Debug|ARM.ActiveCfg = Debug|Any CPU
		{83CBF2CA-FF89-4904-99CE-E569B84DA028}.Debug|ARM.Build.0 = Debug|Any CPU
		{83CBF2CA-FF89-4904-99CE-E569B84DA028}.Debug|ARM.Deploy.0 = Debug|Any CPU
		{83CBF2CA-FF89-4904-99CE-E569B84DA028}.Debug|iPhone.ActiveCfg = Debug|Any CPU
		{83CBF2CA-FF89-4904-99CE-E569B84DA028}.Debug|iPhone.Build.0 = Debug|Any CPU
		{83CBF2CA-FF89-4904-99CE-E569B84DA028}.Debug|iPhone.Deploy.0 = Debug|Any CPU
		{83CBF2CA-FF89-4904-99CE-E569B84DA028}.Debug|iPhoneSimulator.ActiveCfg = Debug|Any CPU
		{83CBF2CA-FF89-4904-99CE-E569B84DA028}.Debug|iPhoneSimulator.Build.0 = Debug|Any CPU
		{83CBF2CA-FF89-4904-99CE-E569B84DA028}.Debug|iPhoneSimulator.Deploy.0 = Debug|Any CPU
		{83CBF2CA-FF89-4904-99CE-E569B84DA028}.Debug|x64.ActiveCfg = Debug|Any CPU
		{83CBF2CA-FF89-4904-99CE-E569B84DA028}.Debug|x64.Build.0 = Debug|Any CPU
		{83CBF2CA-FF89-4904-99CE-E569B84DA028}.Debug|x64.Deploy.0 = Debug|Any CPU
		{83CBF2CA-FF89-4904-99CE-E569B84DA028}.Debug|x86.ActiveCfg = Debug|Any CPU
		{83CBF2CA-FF89-4904-99CE-E569B84DA028}.Debug|x86.Build.0 = Debug|Any CPU
		{83CBF2CA-FF89-4904-99CE-E569B84DA028}.Debug|x86.Deploy.0 = Debug|Any CPU
		{83CBF2CA-FF89-4904-99CE-E569B84DA028}.Release|Any CPU.ActiveCfg = Release|Any CPU
		{83CBF2CA-FF89-4904-99CE-E569B84DA028}.Release|Any CPU.Build.0 = Release|Any CPU
		{83CBF2CA-FF89-4904-99CE-E569B84DA028}.Release|Any CPU.Deploy.0 = Release|Any CPU
		{83CBF2CA-FF89-4904-99CE-E569B84DA028}.Release|ARM.ActiveCfg = Release|Any CPU
		{83CBF2CA-FF89-4904-99CE-E569B84DA028}.Release|ARM.Build.0 = Release|Any CPU
		{83CBF2CA-FF89-4904-99CE-E569B84DA028}.Release|ARM.Deploy.0 = Release|Any CPU
		{83CBF2CA-FF89-4904-99CE-E569B84DA028}.Release|iPhone.ActiveCfg = Release|Any CPU
		{83CBF2CA-FF89-4904-99CE-E569B84DA028}.Release|iPhone.Build.0 = Release|Any CPU
		{83CBF2CA-FF89-4904-99CE-E569B84DA028}.Release|iPhone.Deploy.0 = Release|Any CPU
		{83CBF2CA-FF89-4904-99CE-E569B84DA028}.Release|iPhoneSimulator.ActiveCfg = Release|Any CPU
		{83CBF2CA-FF89-4904-99CE-E569B84DA028}.Release|iPhoneSimulator.Build.0 = Release|Any CPU
		{83CBF2CA-FF89-4904-99CE-E569B84DA028}.Release|iPhoneSimulator.Deploy.0 = Release|Any CPU
		{83CBF2CA-FF89-4904-99CE-E569B84DA028}.Release|x64.ActiveCfg = Release|Any CPU
		{83CBF2CA-FF89-4904-99CE-E569B84DA028}.Release|x64.Build.0 = Release|Any CPU
		{83CBF2CA-FF89-4904-99CE-E569B84DA028}.Release|x64.Deploy.0 = Release|Any CPU
		{83CBF2CA-FF89-4904-99CE-E569B84DA028}.Release|x86.ActiveCfg = Release|Any CPU
		{83CBF2CA-FF89-4904-99CE-E569B84DA028}.Release|x86.Build.0 = Release|Any CPU
		{83CBF2CA-FF89-4904-99CE-E569B84DA028}.Release|x86.Deploy.0 = Release|Any CPU
		{6581D512-9658-43DB-A4C6-1FDC7B188E24}.Ad-Hoc|Any CPU.ActiveCfg = Ad-Hoc|iPhone
		{6581D512-9658-43DB-A4C6-1FDC7B188E24}.Ad-Hoc|Any CPU.Build.0 = Ad-Hoc|iPhone
		{6581D512-9658-43DB-A4C6-1FDC7B188E24}.Ad-Hoc|Any CPU.Deploy.0 = Ad-Hoc|iPhone
		{6581D512-9658-43DB-A4C6-1FDC7B188E24}.Ad-Hoc|ARM.ActiveCfg = Ad-Hoc|iPhone
		{6581D512-9658-43DB-A4C6-1FDC7B188E24}.Ad-Hoc|ARM.Build.0 = Ad-Hoc|iPhone
		{6581D512-9658-43DB-A4C6-1FDC7B188E24}.Ad-Hoc|ARM.Deploy.0 = Ad-Hoc|iPhone
		{6581D512-9658-43DB-A4C6-1FDC7B188E24}.Ad-Hoc|iPhone.ActiveCfg = Ad-Hoc|iPhone
		{6581D512-9658-43DB-A4C6-1FDC7B188E24}.Ad-Hoc|iPhone.Build.0 = Ad-Hoc|iPhone
		{6581D512-9658-43DB-A4C6-1FDC7B188E24}.Ad-Hoc|iPhone.Deploy.0 = Ad-Hoc|iPhone
		{6581D512-9658-43DB-A4C6-1FDC7B188E24}.Ad-Hoc|iPhoneSimulator.ActiveCfg = Ad-Hoc|iPhoneSimulator
		{6581D512-9658-43DB-A4C6-1FDC7B188E24}.Ad-Hoc|iPhoneSimulator.Build.0 = Ad-Hoc|iPhoneSimulator
		{6581D512-9658-43DB-A4C6-1FDC7B188E24}.Ad-Hoc|iPhoneSimulator.Deploy.0 = Ad-Hoc|iPhoneSimulator
		{6581D512-9658-43DB-A4C6-1FDC7B188E24}.Ad-Hoc|x64.ActiveCfg = Ad-Hoc|iPhone
		{6581D512-9658-43DB-A4C6-1FDC7B188E24}.Ad-Hoc|x64.Build.0 = Ad-Hoc|iPhone
		{6581D512-9658-43DB-A4C6-1FDC7B188E24}.Ad-Hoc|x64.Deploy.0 = Ad-Hoc|iPhone
		{6581D512-9658-43DB-A4C6-1FDC7B188E24}.Ad-Hoc|x86.ActiveCfg = Ad-Hoc|iPhone
		{6581D512-9658-43DB-A4C6-1FDC7B188E24}.Ad-Hoc|x86.Build.0 = Ad-Hoc|iPhone
		{6581D512-9658-43DB-A4C6-1FDC7B188E24}.Ad-Hoc|x86.Deploy.0 = Ad-Hoc|iPhone
		{6581D512-9658-43DB-A4C6-1FDC7B188E24}.AppStore|Any CPU.ActiveCfg = AppStore|iPhone
		{6581D512-9658-43DB-A4C6-1FDC7B188E24}.AppStore|Any CPU.Build.0 = AppStore|iPhone
		{6581D512-9658-43DB-A4C6-1FDC7B188E24}.AppStore|Any CPU.Deploy.0 = AppStore|iPhone
		{6581D512-9658-43DB-A4C6-1FDC7B188E24}.AppStore|ARM.ActiveCfg = AppStore|iPhone
		{6581D512-9658-43DB-A4C6-1FDC7B188E24}.AppStore|ARM.Build.0 = AppStore|iPhone
		{6581D512-9658-43DB-A4C6-1FDC7B188E24}.AppStore|ARM.Deploy.0 = AppStore|iPhone
		{6581D512-9658-43DB-A4C6-1FDC7B188E24}.AppStore|iPhone.ActiveCfg = AppStore|iPhone
		{6581D512-9658-43DB-A4C6-1FDC7B188E24}.AppStore|iPhone.Build.0 = AppStore|iPhone
		{6581D512-9658-43DB-A4C6-1FDC7B188E24}.AppStore|iPhone.Deploy.0 = AppStore|iPhone
		{6581D512-9658-43DB-A4C6-1FDC7B188E24}.AppStore|iPhoneSimulator.ActiveCfg = AppStore|iPhoneSimulator
		{6581D512-9658-43DB-A4C6-1FDC7B188E24}.AppStore|iPhoneSimulator.Build.0 = AppStore|iPhoneSimulator
		{6581D512-9658-43DB-A4C6-1FDC7B188E24}.AppStore|iPhoneSimulator.Deploy.0 = AppStore|iPhoneSimulator
		{6581D512-9658-43DB-A4C6-1FDC7B188E24}.AppStore|x64.ActiveCfg = AppStore|iPhone
		{6581D512-9658-43DB-A4C6-1FDC7B188E24}.AppStore|x64.Build.0 = AppStore|iPhone
		{6581D512-9658-43DB-A4C6-1FDC7B188E24}.AppStore|x64.Deploy.0 = AppStore|iPhone
		{6581D512-9658-43DB-A4C6-1FDC7B188E24}.AppStore|x86.ActiveCfg = AppStore|iPhone
		{6581D512-9658-43DB-A4C6-1FDC7B188E24}.AppStore|x86.Build.0 = AppStore|iPhone
		{6581D512-9658-43DB-A4C6-1FDC7B188E24}.AppStore|x86.Deploy.0 = AppStore|iPhone
		{6581D512-9658-43DB-A4C6-1FDC7B188E24}.Debug|Any CPU.ActiveCfg = Debug|iPhoneSimulator
		{6581D512-9658-43DB-A4C6-1FDC7B188E24}.Debug|Any CPU.Build.0 = Debug|iPhoneSimulator
		{6581D512-9658-43DB-A4C6-1FDC7B188E24}.Debug|Any CPU.Deploy.0 = Debug|iPhoneSimulator
		{6581D512-9658-43DB-A4C6-1FDC7B188E24}.Debug|ARM.ActiveCfg = Debug|iPhone
		{6581D512-9658-43DB-A4C6-1FDC7B188E24}.Debug|ARM.Build.0 = Debug|iPhone
		{6581D512-9658-43DB-A4C6-1FDC7B188E24}.Debug|ARM.Deploy.0 = Debug|iPhone
		{6581D512-9658-43DB-A4C6-1FDC7B188E24}.Debug|iPhone.ActiveCfg = Debug|iPhone
		{6581D512-9658-43DB-A4C6-1FDC7B188E24}.Debug|iPhone.Build.0 = Debug|iPhone
		{6581D512-9658-43DB-A4C6-1FDC7B188E24}.Debug|iPhone.Deploy.0 = Debug|iPhone
		{6581D512-9658-43DB-A4C6-1FDC7B188E24}.Debug|iPhoneSimulator.ActiveCfg = Debug|iPhoneSimulator
		{6581D512-9658-43DB-A4C6-1FDC7B188E24}.Debug|iPhoneSimulator.Build.0 = Debug|iPhoneSimulator
		{6581D512-9658-43DB-A4C6-1FDC7B188E24}.Debug|iPhoneSimulator.Deploy.0 = Debug|iPhoneSimulator
		{6581D512-9658-43DB-A4C6-1FDC7B188E24}.Debug|x64.ActiveCfg = Debug|iPhone
		{6581D512-9658-43DB-A4C6-1FDC7B188E24}.Debug|x64.Build.0 = Debug|iPhone
		{6581D512-9658-43DB-A4C6-1FDC7B188E24}.Debug|x64.Deploy.0 = Debug|iPhone
		{6581D512-9658-43DB-A4C6-1FDC7B188E24}.Debug|x86.ActiveCfg = Debug|iPhone
		{6581D512-9658-43DB-A4C6-1FDC7B188E24}.Debug|x86.Build.0 = Debug|iPhone
		{6581D512-9658-43DB-A4C6-1FDC7B188E24}.Debug|x86.Deploy.0 = Debug|iPhone
		{6581D512-9658-43DB-A4C6-1FDC7B188E24}.Release|Any CPU.ActiveCfg = Release|iPhone
		{6581D512-9658-43DB-A4C6-1FDC7B188E24}.Release|Any CPU.Build.0 = Release|iPhone
		{6581D512-9658-43DB-A4C6-1FDC7B188E24}.Release|Any CPU.Deploy.0 = Release|iPhone
		{6581D512-9658-43DB-A4C6-1FDC7B188E24}.Release|ARM.ActiveCfg = Release|iPhone
		{6581D512-9658-43DB-A4C6-1FDC7B188E24}.Release|ARM.Build.0 = Release|iPhone
		{6581D512-9658-43DB-A4C6-1FDC7B188E24}.Release|ARM.Deploy.0 = Release|iPhone
		{6581D512-9658-43DB-A4C6-1FDC7B188E24}.Release|iPhone.ActiveCfg = Release|iPhone
		{6581D512-9658-43DB-A4C6-1FDC7B188E24}.Release|iPhone.Build.0 = Release|iPhone
		{6581D512-9658-43DB-A4C6-1FDC7B188E24}.Release|iPhone.Deploy.0 = Release|iPhone
		{6581D512-9658-43DB-A4C6-1FDC7B188E24}.Release|iPhoneSimulator.ActiveCfg = Release|iPhoneSimulator
		{6581D512-9658-43DB-A4C6-1FDC7B188E24}.Release|iPhoneSimulator.Build.0 = Release|iPhoneSimulator
		{6581D512-9658-43DB-A4C6-1FDC7B188E24}.Release|iPhoneSimulator.Deploy.0 = Release|iPhoneSimulator
		{6581D512-9658-43DB-A4C6-1FDC7B188E24}.Release|x64.ActiveCfg = Release|iPhone
		{6581D512-9658-43DB-A4C6-1FDC7B188E24}.Release|x64.Build.0 = Release|iPhone
		{6581D512-9658-43DB-A4C6-1FDC7B188E24}.Release|x64.Deploy.0 = Release|iPhone
		{6581D512-9658-43DB-A4C6-1FDC7B188E24}.Release|x86.ActiveCfg = Release|iPhone
		{6581D512-9658-43DB-A4C6-1FDC7B188E24}.Release|x86.Build.0 = Release|iPhone
		{6581D512-9658-43DB-A4C6-1FDC7B188E24}.Release|x86.Deploy.0 = Release|iPhone
		{93BD6D0E-8632-44B1-91A7-29EC367C1BF3}.Ad-Hoc|Any CPU.ActiveCfg = Release|x86
		{93BD6D0E-8632-44B1-91A7-29EC367C1BF3}.Ad-Hoc|Any CPU.Build.0 = Release|x86
		{93BD6D0E-8632-44B1-91A7-29EC367C1BF3}.Ad-Hoc|Any CPU.Deploy.0 = Release|x86
		{93BD6D0E-8632-44B1-91A7-29EC367C1BF3}.Ad-Hoc|ARM.ActiveCfg = Release|ARM
		{93BD6D0E-8632-44B1-91A7-29EC367C1BF3}.Ad-Hoc|ARM.Build.0 = Release|ARM
		{93BD6D0E-8632-44B1-91A7-29EC367C1BF3}.Ad-Hoc|ARM.Deploy.0 = Release|ARM
		{93BD6D0E-8632-44B1-91A7-29EC367C1BF3}.Ad-Hoc|iPhone.ActiveCfg = Release|x86
		{93BD6D0E-8632-44B1-91A7-29EC367C1BF3}.Ad-Hoc|iPhone.Build.0 = Release|x86
		{93BD6D0E-8632-44B1-91A7-29EC367C1BF3}.Ad-Hoc|iPhone.Deploy.0 = Release|x86
		{93BD6D0E-8632-44B1-91A7-29EC367C1BF3}.Ad-Hoc|iPhoneSimulator.ActiveCfg = Release|x86
		{93BD6D0E-8632-44B1-91A7-29EC367C1BF3}.Ad-Hoc|iPhoneSimulator.Build.0 = Release|x86
		{93BD6D0E-8632-44B1-91A7-29EC367C1BF3}.Ad-Hoc|iPhoneSimulator.Deploy.0 = Release|x86
		{93BD6D0E-8632-44B1-91A7-29EC367C1BF3}.Ad-Hoc|x64.ActiveCfg = Release|x64
		{93BD6D0E-8632-44B1-91A7-29EC367C1BF3}.Ad-Hoc|x64.Build.0 = Release|x64
		{93BD6D0E-8632-44B1-91A7-29EC367C1BF3}.Ad-Hoc|x64.Deploy.0 = Release|x64
		{93BD6D0E-8632-44B1-91A7-29EC367C1BF3}.Ad-Hoc|x86.ActiveCfg = Release|x86
		{93BD6D0E-8632-44B1-91A7-29EC367C1BF3}.Ad-Hoc|x86.Build.0 = Release|x86
		{93BD6D0E-8632-44B1-91A7-29EC367C1BF3}.Ad-Hoc|x86.Deploy.0 = Release|x86
		{93BD6D0E-8632-44B1-91A7-29EC367C1BF3}.AppStore|Any CPU.ActiveCfg = Release|x86
		{93BD6D0E-8632-44B1-91A7-29EC367C1BF3}.AppStore|Any CPU.Build.0 = Release|x86
		{93BD6D0E-8632-44B1-91A7-29EC367C1BF3}.AppStore|Any CPU.Deploy.0 = Release|x86
		{93BD6D0E-8632-44B1-91A7-29EC367C1BF3}.AppStore|ARM.ActiveCfg = Release|ARM
		{93BD6D0E-8632-44B1-91A7-29EC367C1BF3}.AppStore|ARM.Build.0 = Release|ARM
		{93BD6D0E-8632-44B1-91A7-29EC367C1BF3}.AppStore|ARM.Deploy.0 = Release|ARM
		{93BD6D0E-8632-44B1-91A7-29EC367C1BF3}.AppStore|iPhone.ActiveCfg = Release|x86
		{93BD6D0E-8632-44B1-91A7-29EC367C1BF3}.AppStore|iPhone.Build.0 = Release|x86
		{93BD6D0E-8632-44B1-91A7-29EC367C1BF3}.AppStore|iPhone.Deploy.0 = Release|x86
		{93BD6D0E-8632-44B1-91A7-29EC367C1BF3}.AppStore|iPhoneSimulator.ActiveCfg = Release|x86
		{93BD6D0E-8632-44B1-91A7-29EC367C1BF3}.AppStore|iPhoneSimulator.Build.0 = Release|x86
		{93BD6D0E-8632-44B1-91A7-29EC367C1BF3}.AppStore|iPhoneSimulator.Deploy.0 = Release|x86
		{93BD6D0E-8632-44B1-91A7-29EC367C1BF3}.AppStore|x64.ActiveCfg = Release|x64
		{93BD6D0E-8632-44B1-91A7-29EC367C1BF3}.AppStore|x64.Build.0 = Release|x64
		{93BD6D0E-8632-44B1-91A7-29EC367C1BF3}.AppStore|x64.Deploy.0 = Release|x64
		{93BD6D0E-8632-44B1-91A7-29EC367C1BF3}.AppStore|x86.ActiveCfg = Release|x86
		{93BD6D0E-8632-44B1-91A7-29EC367C1BF3}.AppStore|x86.Build.0 = Release|x86
		{93BD6D0E-8632-44B1-91A7-29EC367C1BF3}.AppStore|x86.Deploy.0 = Release|x86
		{93BD6D0E-8632-44B1-91A7-29EC367C1BF3}.Debug|Any CPU.ActiveCfg = Debug|x86
		{93BD6D0E-8632-44B1-91A7-29EC367C1BF3}.Debug|Any CPU.Build.0 = Debug|x86
		{93BD6D0E-8632-44B1-91A7-29EC367C1BF3}.Debug|Any CPU.Deploy.0 = Debug|x86
		{93BD6D0E-8632-44B1-91A7-29EC367C1BF3}.Debug|ARM.ActiveCfg = Debug|ARM
		{93BD6D0E-8632-44B1-91A7-29EC367C1BF3}.Debug|ARM.Build.0 = Debug|ARM
		{93BD6D0E-8632-44B1-91A7-29EC367C1BF3}.Debug|ARM.Deploy.0 = Debug|ARM
		{93BD6D0E-8632-44B1-91A7-29EC367C1BF3}.Debug|iPhone.ActiveCfg = Debug|x86
		{93BD6D0E-8632-44B1-91A7-29EC367C1BF3}.Debug|iPhone.Build.0 = Debug|x86
		{93BD6D0E-8632-44B1-91A7-29EC367C1BF3}.Debug|iPhone.Deploy.0 = Debug|x86
		{93BD6D0E-8632-44B1-91A7-29EC367C1BF3}.Debug|iPhoneSimulator.ActiveCfg = Debug|x86
		{93BD6D0E-8632-44B1-91A7-29EC367C1BF3}.Debug|iPhoneSimulator.Build.0 = Debug|x86
		{93BD6D0E-8632-44B1-91A7-29EC367C1BF3}.Debug|iPhoneSimulator.Deploy.0 = Debug|x86
		{93BD6D0E-8632-44B1-91A7-29EC367C1BF3}.Debug|x64.ActiveCfg = Debug|x64
		{93BD6D0E-8632-44B1-91A7-29EC367C1BF3}.Debug|x64.Build.0 = Debug|x64
		{93BD6D0E-8632-44B1-91A7-29EC367C1BF3}.Debug|x64.Deploy.0 = Debug|x64
		{93BD6D0E-8632-44B1-91A7-29EC367C1BF3}.Debug|x86.ActiveCfg = Debug|x86
		{93BD6D0E-8632-44B1-91A7-29EC367C1BF3}.Debug|x86.Build.0 = Debug|x86
		{93BD6D0E-8632-44B1-91A7-29EC367C1BF3}.Debug|x86.Deploy.0 = Debug|x86
		{93BD6D0E-8632-44B1-91A7-29EC367C1BF3}.Release|Any CPU.ActiveCfg = Release|x86
		{93BD6D0E-8632-44B1-91A7-29EC367C1BF3}.Release|Any CPU.Build.0 = Release|x86
		{93BD6D0E-8632-44B1-91A7-29EC367C1BF3}.Release|Any CPU.Deploy.0 = Release|x86
		{93BD6D0E-8632-44B1-91A7-29EC367C1BF3}.Release|ARM.ActiveCfg = Release|ARM
		{93BD6D0E-8632-44B1-91A7-29EC367C1BF3}.Release|ARM.Build.0 = Release|ARM
		{93BD6D0E-8632-44B1-91A7-29EC367C1BF3}.Release|ARM.Deploy.0 = Release|ARM
		{93BD6D0E-8632-44B1-91A7-29EC367C1BF3}.Release|iPhone.ActiveCfg = Release|x86
		{93BD6D0E-8632-44B1-91A7-29EC367C1BF3}.Release|iPhone.Build.0 = Release|x86
		{93BD6D0E-8632-44B1-91A7-29EC367C1BF3}.Release|iPhone.Deploy.0 = Release|x86
		{93BD6D0E-8632-44B1-91A7-29EC367C1BF3}.Release|iPhoneSimulator.ActiveCfg = Release|x86
		{93BD6D0E-8632-44B1-91A7-29EC367C1BF3}.Release|iPhoneSimulator.Build.0 = Release|x86
		{93BD6D0E-8632-44B1-91A7-29EC367C1BF3}.Release|iPhoneSimulator.Deploy.0 = Release|x86
		{93BD6D0E-8632-44B1-91A7-29EC367C1BF3}.Release|x64.ActiveCfg = Release|x64
		{93BD6D0E-8632-44B1-91A7-29EC367C1BF3}.Release|x64.Build.0 = Release|x64
		{93BD6D0E-8632-44B1-91A7-29EC367C1BF3}.Release|x64.Deploy.0 = Release|x64
		{93BD6D0E-8632-44B1-91A7-29EC367C1BF3}.Release|x86.ActiveCfg = Release|x86
		{93BD6D0E-8632-44B1-91A7-29EC367C1BF3}.Release|x86.Build.0 = Release|x86
		{93BD6D0E-8632-44B1-91A7-29EC367C1BF3}.Release|x86.Deploy.0 = Release|x86
		{3033393F-4A54-4C9D-A9D3-0F0D4A6B55DD}.Ad-Hoc|Any CPU.ActiveCfg = Debug|Any CPU
		{3033393F-4A54-4C9D-A9D3-0F0D4A6B55DD}.Ad-Hoc|Any CPU.Build.0 = Debug|Any CPU
		{3033393F-4A54-4C9D-A9D3-0F0D4A6B55DD}.Ad-Hoc|Any CPU.Deploy.0 = Debug|Any CPU
		{3033393F-4A54-4C9D-A9D3-0F0D4A6B55DD}.Ad-Hoc|ARM.ActiveCfg = Debug|Any CPU
		{3033393F-4A54-4C9D-A9D3-0F0D4A6B55DD}.Ad-Hoc|ARM.Build.0 = Debug|Any CPU
		{3033393F-4A54-4C9D-A9D3-0F0D4A6B55DD}.Ad-Hoc|ARM.Deploy.0 = Debug|Any CPU
		{3033393F-4A54-4C9D-A9D3-0F0D4A6B55DD}.Ad-Hoc|iPhone.ActiveCfg = Debug|Any CPU
		{3033393F-4A54-4C9D-A9D3-0F0D4A6B55DD}.Ad-Hoc|iPhone.Build.0 = Debug|Any CPU
		{3033393F-4A54-4C9D-A9D3-0F0D4A6B55DD}.Ad-Hoc|iPhone.Deploy.0 = Debug|Any CPU
		{3033393F-4A54-4C9D-A9D3-0F0D4A6B55DD}.Ad-Hoc|iPhoneSimulator.ActiveCfg = Debug|Any CPU
		{3033393F-4A54-4C9D-A9D3-0F0D4A6B55DD}.Ad-Hoc|iPhoneSimulator.Build.0 = Debug|Any CPU
		{3033393F-4A54-4C9D-A9D3-0F0D4A6B55DD}.Ad-Hoc|iPhoneSimulator.Deploy.0 = Debug|Any CPU
		{3033393F-4A54-4C9D-A9D3-0F0D4A6B55DD}.Ad-Hoc|x64.ActiveCfg = Debug|Any CPU
		{3033393F-4A54-4C9D-A9D3-0F0D4A6B55DD}.Ad-Hoc|x64.Build.0 = Debug|Any CPU
		{3033393F-4A54-4C9D-A9D3-0F0D4A6B55DD}.Ad-Hoc|x64.Deploy.0 = Debug|Any CPU
		{3033393F-4A54-4C9D-A9D3-0F0D4A6B55DD}.Ad-Hoc|x86.ActiveCfg = Debug|Any CPU
		{3033393F-4A54-4C9D-A9D3-0F0D4A6B55DD}.Ad-Hoc|x86.Build.0 = Debug|Any CPU
		{3033393F-4A54-4C9D-A9D3-0F0D4A6B55DD}.Ad-Hoc|x86.Deploy.0 = Debug|Any CPU
		{3033393F-4A54-4C9D-A9D3-0F0D4A6B55DD}.AppStore|Any CPU.ActiveCfg = Debug|Any CPU
		{3033393F-4A54-4C9D-A9D3-0F0D4A6B55DD}.AppStore|Any CPU.Build.0 = Debug|Any CPU
		{3033393F-4A54-4C9D-A9D3-0F0D4A6B55DD}.AppStore|Any CPU.Deploy.0 = Debug|Any CPU
		{3033393F-4A54-4C9D-A9D3-0F0D4A6B55DD}.AppStore|ARM.ActiveCfg = Debug|Any CPU
		{3033393F-4A54-4C9D-A9D3-0F0D4A6B55DD}.AppStore|ARM.Build.0 = Debug|Any CPU
		{3033393F-4A54-4C9D-A9D3-0F0D4A6B55DD}.AppStore|ARM.Deploy.0 = Debug|Any CPU
		{3033393F-4A54-4C9D-A9D3-0F0D4A6B55DD}.AppStore|iPhone.ActiveCfg = Debug|Any CPU
		{3033393F-4A54-4C9D-A9D3-0F0D4A6B55DD}.AppStore|iPhone.Build.0 = Debug|Any CPU
		{3033393F-4A54-4C9D-A9D3-0F0D4A6B55DD}.AppStore|iPhone.Deploy.0 = Debug|Any CPU
		{3033393F-4A54-4C9D-A9D3-0F0D4A6B55DD}.AppStore|iPhoneSimulator.ActiveCfg = Debug|Any CPU
		{3033393F-4A54-4C9D-A9D3-0F0D4A6B55DD}.AppStore|iPhoneSimulator.Build.0 = Debug|Any CPU
		{3033393F-4A54-4C9D-A9D3-0F0D4A6B55DD}.AppStore|iPhoneSimulator.Deploy.0 = Debug|Any CPU
		{3033393F-4A54-4C9D-A9D3-0F0D4A6B55DD}.AppStore|x64.ActiveCfg = Debug|Any CPU
		{3033393F-4A54-4C9D-A9D3-0F0D4A6B55DD}.AppStore|x64.Build.0 = Debug|Any CPU
		{3033393F-4A54-4C9D-A9D3-0F0D4A6B55DD}.AppStore|x64.Deploy.0 = Debug|Any CPU
		{3033393F-4A54-4C9D-A9D3-0F0D4A6B55DD}.AppStore|x86.ActiveCfg = Debug|Any CPU
		{3033393F-4A54-4C9D-A9D3-0F0D4A6B55DD}.AppStore|x86.Build.0 = Debug|Any CPU
		{3033393F-4A54-4C9D-A9D3-0F0D4A6B55DD}.AppStore|x86.Deploy.0 = Debug|Any CPU
		{3033393F-4A54-4C9D-A9D3-0F0D4A6B55DD}.Debug|Any CPU.ActiveCfg = Debug|Any CPU
		{3033393F-4A54-4C9D-A9D3-0F0D4A6B55DD}.Debug|Any CPU.Build.0 = Debug|Any CPU
		{3033393F-4A54-4C9D-A9D3-0F0D4A6B55DD}.Debug|Any CPU.Deploy.0 = Debug|Any CPU
		{3033393F-4A54-4C9D-A9D3-0F0D4A6B55DD}.Debug|ARM.ActiveCfg = Debug|Any CPU
		{3033393F-4A54-4C9D-A9D3-0F0D4A6B55DD}.Debug|ARM.Build.0 = Debug|Any CPU
		{3033393F-4A54-4C9D-A9D3-0F0D4A6B55DD}.Debug|ARM.Deploy.0 = Debug|Any CPU
		{3033393F-4A54-4C9D-A9D3-0F0D4A6B55DD}.Debug|iPhone.ActiveCfg = Debug|Any CPU
		{3033393F-4A54-4C9D-A9D3-0F0D4A6B55DD}.Debug|iPhone.Build.0 = Debug|Any CPU
		{3033393F-4A54-4C9D-A9D3-0F0D4A6B55DD}.Debug|iPhone.Deploy.0 = Debug|Any CPU
		{3033393F-4A54-4C9D-A9D3-0F0D4A6B55DD}.Debug|iPhoneSimulator.ActiveCfg = Debug|Any CPU
		{3033393F-4A54-4C9D-A9D3-0F0D4A6B55DD}.Debug|iPhoneSimulator.Build.0 = Debug|Any CPU
		{3033393F-4A54-4C9D-A9D3-0F0D4A6B55DD}.Debug|iPhoneSimulator.Deploy.0 = Debug|Any CPU
		{3033393F-4A54-4C9D-A9D3-0F0D4A6B55DD}.Debug|x64.ActiveCfg = Debug|Any CPU
		{3033393F-4A54-4C9D-A9D3-0F0D4A6B55DD}.Debug|x64.Build.0 = Debug|Any CPU
		{3033393F-4A54-4C9D-A9D3-0F0D4A6B55DD}.Debug|x64.Deploy.0 = Debug|Any CPU
		{3033393F-4A54-4C9D-A9D3-0F0D4A6B55DD}.Debug|x86.ActiveCfg = Debug|Any CPU
		{3033393F-4A54-4C9D-A9D3-0F0D4A6B55DD}.Debug|x86.Build.0 = Debug|Any CPU
		{3033393F-4A54-4C9D-A9D3-0F0D4A6B55DD}.Debug|x86.Deploy.0 = Debug|Any CPU
		{3033393F-4A54-4C9D-A9D3-0F0D4A6B55DD}.Release|Any CPU.ActiveCfg = Release|Any CPU
		{3033393F-4A54-4C9D-A9D3-0F0D4A6B55DD}.Release|Any CPU.Build.0 = Release|Any CPU
		{3033393F-4A54-4C9D-A9D3-0F0D4A6B55DD}.Release|Any CPU.Deploy.0 = Release|Any CPU
		{3033393F-4A54-4C9D-A9D3-0F0D4A6B55DD}.Release|ARM.ActiveCfg = Release|Any CPU
		{3033393F-4A54-4C9D-A9D3-0F0D4A6B55DD}.Release|ARM.Build.0 = Release|Any CPU
		{3033393F-4A54-4C9D-A9D3-0F0D4A6B55DD}.Release|ARM.Deploy.0 = Release|Any CPU
		{3033393F-4A54-4C9D-A9D3-0F0D4A6B55DD}.Release|iPhone.ActiveCfg = Release|Any CPU
		{3033393F-4A54-4C9D-A9D3-0F0D4A6B55DD}.Release|iPhone.Build.0 = Release|Any CPU
		{3033393F-4A54-4C9D-A9D3-0F0D4A6B55DD}.Release|iPhone.Deploy.0 = Release|Any CPU
		{3033393F-4A54-4C9D-A9D3-0F0D4A6B55DD}.Release|iPhoneSimulator.ActiveCfg = Release|Any CPU
		{3033393F-4A54-4C9D-A9D3-0F0D4A6B55DD}.Release|iPhoneSimulator.Build.0 = Release|Any CPU
		{3033393F-4A54-4C9D-A9D3-0F0D4A6B55DD}.Release|iPhoneSimulator.Deploy.0 = Release|Any CPU
		{3033393F-4A54-4C9D-A9D3-0F0D4A6B55DD}.Release|x64.ActiveCfg = Release|Any CPU
		{3033393F-4A54-4C9D-A9D3-0F0D4A6B55DD}.Release|x64.Build.0 = Release|Any CPU
		{3033393F-4A54-4C9D-A9D3-0F0D4A6B55DD}.Release|x64.Deploy.0 = Release|Any CPU
		{3033393F-4A54-4C9D-A9D3-0F0D4A6B55DD}.Release|x86.ActiveCfg = Release|Any CPU
		{3033393F-4A54-4C9D-A9D3-0F0D4A6B55DD}.Release|x86.Build.0 = Release|Any CPU
		{3033393F-4A54-4C9D-A9D3-0F0D4A6B55DD}.Release|x86.Deploy.0 = Release|Any CPU
	EndGlobalSection
	GlobalSection(SolutionProperties) = preSolution
		HideSolutionNode = FALSE
	EndGlobalSection
	GlobalSection(ExtensibilityGlobals) = postSolution
		SolutionGuid = {08CA3BB7-FBF2-44E3-B207-2A1CF7A2AD89}
	EndGlobalSection
EndGlobal
